
Microsoft Visual Studio Solution File, Format Version 12.00
# Visual Studio Version 17
VisualStudioVersion = 17.2.32516.85
MinimumVisualStudioVersion = 10.0.40219.1
Project("{FAE04EC0-301F-11D3-BF4B-00C04F79EFBC}") = "HolaMundo", "HolaMundo\HolaMundo.csproj", "{4DFCB362-3F36-454A-9F2E-B67A2D349D03}"
EndProject
Global
	GlobalSection(SolutionConfigurationPlatforms) = preSolution
		Debug|Any CPU = Debug|Any CPU
		Release|Any CPU = Release|Any CPU
	EndGlobalSection
	GlobalSection(ProjectConfigurationPlatforms) = postSolution
		{4DFCB362-3F36-454A-9F2E-B67A2D349D03}.Debug|Any CPU.ActiveCfg = Debug|Any CPU
		{4DFCB362-3F36-454A-9F2E-B67A2D349D03}.Debug|Any CPU.Build.0 = Debug|Any CPU
		{4DFCB362-3F36-454A-9F2E-B67A2D349D03}.Release|Any CPU.ActiveCfg = Release|Any CPU
		{4DFCB362-3F36-454A-9F2E-B67A2D349D03}.Release|Any CPU.Build.0 = Release|Any CPU
	EndGlobalSection
	GlobalSection(SolutionProperties) = preSolution
		HideSolutionNode = FALSE
	EndGlobalSection
	GlobalSection(ExtensibilityGlobals) = postSolution
		SolutionGuid = {9F1EC308-B01E-4CAE-943C-02A21EF3C246}
	EndGlobalSection
EndGlobal
