
Microsoft Visual Studio Solution File, Format Version 12.00
# Visual Studio Version 17
VisualStudioVersion = 17.2.32516.85
MinimumVisualStudioVersion = 10.0.40219.1
Project("{FAE04EC0-301F-11D3-BF4B-00C04F79EFBC}") = "CRUDEstatusAlumno", "CRUDEstatusAlumno\CRUDEstatusAlumno.csproj", "{CF5AE7EB-313C-4DCF-A570-48E2001C4EFC}"
EndProject
Global
	GlobalSection(SolutionConfigurationPlatforms) = preSolution
		Debug|Any CPU = Debug|Any CPU
		Release|Any CPU = Release|Any CPU
	EndGlobalSection
	GlobalSection(ProjectConfigurationPlatforms) = postSolution
		{CF5AE7EB-313C-4DCF-A570-48E2001C4EFC}.Debug|Any CPU.ActiveCfg = Debug|Any CPU
		{CF5AE7EB-313C-4DCF-A570-48E2001C4EFC}.Debug|Any CPU.Build.0 = Debug|Any CPU
		{CF5AE7EB-313C-4DCF-A570-48E2001C4EFC}.Release|Any CPU.ActiveCfg = Release|Any CPU
		{CF5AE7EB-313C-4DCF-A570-48E2001C4EFC}.Release|Any CPU.Build.0 = Release|Any CPU
	EndGlobalSection
	GlobalSection(SolutionProperties) = preSolution
		HideSolutionNode = FALSE
	EndGlobalSection
	GlobalSection(ExtensibilityGlobals) = postSolution
		SolutionGuid = {41B1350C-48A7-47F8-90AF-AA99B4A7DF88}
	EndGlobalSection
EndGlobal
