
Microsoft Visual Studio Solution File, Format Version 12.00
# Visual Studio Version 17
VisualStudioVersion = 17.2.32516.85
MinimumVisualStudioVersion = 10.0.40219.1
Project("{FAE04EC0-301F-11D3-BF4B-00C04F79EFBC}") = "MVCRazor", "MVCRazor\MVCRazor.csproj", "{CF63A0F3-EE0D-4072-BB3C-8363DAE3CCC7}"
EndProject
Global
	GlobalSection(SolutionConfigurationPlatforms) = preSolution
		Debug|Any CPU = Debug|Any CPU
		Release|Any CPU = Release|Any CPU
	EndGlobalSection
	GlobalSection(ProjectConfigurationPlatforms) = postSolution
		{CF63A0F3-EE0D-4072-BB3C-8363DAE3CCC7}.Debug|Any CPU.ActiveCfg = Debug|Any CPU
		{CF63A0F3-EE0D-4072-BB3C-8363DAE3CCC7}.Debug|Any CPU.Build.0 = Debug|Any CPU
		{CF63A0F3-EE0D-4072-BB3C-8363DAE3CCC7}.Release|Any CPU.ActiveCfg = Release|Any CPU
		{CF63A0F3-EE0D-4072-BB3C-8363DAE3CCC7}.Release|Any CPU.Build.0 = Release|Any CPU
	EndGlobalSection
	GlobalSection(SolutionProperties) = preSolution
		HideSolutionNode = FALSE
	EndGlobalSection
	GlobalSection(ExtensibilityGlobals) = postSolution
		SolutionGuid = {C85092A1-5CEC-4A33-9506-BB99B695346D}
	EndGlobalSection
EndGlobal
