
Microsoft Visual Studio Solution File, Format Version 12.00
# Visual Studio Version 17
VisualStudioVersion = 17.2.32516.85
MinimumVisualStudioVersion = 10.0.40219.1
Project("{FAE04EC0-301F-11D3-BF4B-00C04F79EFBC}") = "MVC_Razor_ADO", "MVC_Razor_ADO\MVC_Razor_ADO.csproj", "{389DC117-BB5C-463A-94C0-A51479007481}"
EndProject
Global
	GlobalSection(SolutionConfigurationPlatforms) = preSolution
		Debug|Any CPU = Debug|Any CPU
		Release|Any CPU = Release|Any CPU
	EndGlobalSection
	GlobalSection(ProjectConfigurationPlatforms) = postSolution
		{389DC117-BB5C-463A-94C0-A51479007481}.Debug|Any CPU.ActiveCfg = Debug|Any CPU
		{389DC117-BB5C-463A-94C0-A51479007481}.Debug|Any CPU.Build.0 = Debug|Any CPU
		{389DC117-BB5C-463A-94C0-A51479007481}.Release|Any CPU.ActiveCfg = Release|Any CPU
		{389DC117-BB5C-463A-94C0-A51479007481}.Release|Any CPU.Build.0 = Release|Any CPU
	EndGlobalSection
	GlobalSection(SolutionProperties) = preSolution
		HideSolutionNode = FALSE
	EndGlobalSection
	GlobalSection(ExtensibilityGlobals) = postSolution
		SolutionGuid = {508D885A-348B-4970-BDE7-A6C942A54048}
	EndGlobalSection
EndGlobal
